
Microsoft Visual Studio Solution File, Format Version 12.00
# Visual Studio Version 16
VisualStudioVersion = 16.0.30517.126
MinimumVisualStudioVersion = 10.0.40219.1
Project("{FAE04EC0-301F-11D3-BF4B-00C04F79EFBC}") = "Frozen", "Frozen\Frozen.csproj", "{FDC23925-1631-4FDA-A4E8-06810B145312}"
EndProject
Global
	GlobalSection(SolutionConfigurationPlatforms) = preSolution
		Debug|Any CPU = Debug|Any CPU
		Release|Any CPU = Release|Any CPU
	EndGlobalSection
	GlobalSection(ProjectConfigurationPlatforms) = postSolution
		{FDC23925-1631-4FDA-A4E8-06810B145312}.Debug|Any CPU.ActiveCfg = Debug|Any CPU
		{FDC23925-1631-4FDA-A4E8-06810B145312}.Debug|Any CPU.Build.0 = Debug|Any CPU
		{FDC23925-1631-4FDA-A4E8-06810B145312}.Release|Any CPU.ActiveCfg = Release|Any CPU
		{FDC23925-1631-4FDA-A4E8-06810B145312}.Release|Any CPU.Build.0 = Release|Any CPU
	EndGlobalSection
	GlobalSection(SolutionProperties) = preSolution
		HideSolutionNode = FALSE
	EndGlobalSection
	GlobalSection(ExtensibilityGlobals) = postSolution
		SolutionGuid = {986A440E-E6F9-44CB-93E9-ABE74B2C277C}
	EndGlobalSection
EndGlobal
